{
    "version": 3,
    "terraform_version": "0.11.11",
    "serial": 6,
    "lineage": "0c76d933-5da2-d3a0-eadb-67bf6c7460ab",
    "modules": [
        {
            "path": [
                "root"
            ],
            "outputs": {},
            "resources": {
                "aws_instance.mysql": {
                    "type": "aws_instance",
                    "depends_on": [],
                    "primary": {
                        "id": "i-08cdc2ce5c024b0b1",
                        "attributes": {
                            "ami": "ami-0a313d6098716f372",
                            "arn": "arn:aws:ec2:us-east-1:021291988130:instance/i-08cdc2ce5c024b0b1",
                            "associate_public_ip_address": "true",
                            "availability_zone": "us-east-1b",
                            "cpu_core_count": "1",
                            "cpu_threads_per_core": "1",
                            "credit_specification.#": "1",
                            "credit_specification.0.cpu_credits": "standard",
                            "disable_api_termination": "false",
                            "ebs_block_device.#": "0",
                            "ebs_optimized": "false",
                            "ephemeral_block_device.#": "0",
                            "get_password_data": "false",
                            "iam_instance_profile": "",
                            "id": "i-08cdc2ce5c024b0b1",
                            "instance_state": "running",
                            "instance_type": "t2.small",
                            "ipv6_addresses.#": "0",
                            "key_name": "ec2",
                            "monitoring": "false",
                            "network_interface.#": "0",
                            "password_data": "",
                            "placement_group": "",
                            "primary_network_interface_id": "eni-0e279b391319a376f",
                            "private_dns": "ip-172-31-7-186.ec2.internal",
                            "private_ip": "172.31.7.186",
                            "public_dns": "ec2-34-204-45-45.compute-1.amazonaws.com",
                            "public_ip": "34.204.45.45",
                            "root_block_device.#": "1",
                            "root_block_device.0.delete_on_termination": "true",
                            "root_block_device.0.iops": "100",
                            "root_block_device.0.volume_id": "vol-0b9bd3df5bd88a8a4",
                            "root_block_device.0.volume_size": "8",
                            "root_block_device.0.volume_type": "gp2",
                            "security_groups.#": "1",
                            "security_groups.3814588639": "default",
                            "source_dest_check": "true",
                            "subnet_id": "subnet-075839a76cea0a335",
                            "tags.%": "0",
                            "tenancy": "default",
                            "volume_tags.%": "0",
                            "vpc_security_group_ids.#": "1",
                            "vpc_security_group_ids.2430818884": "sg-4c2ab636"
                        },
                        "meta": {
                            "e2bfb730-ecaa-11e6-8f88-34363bc7c4c0": {
                                "create": 600000000000,
                                "delete": 1200000000000,
                                "update": 600000000000
                            },
                            "schema_version": "1"
                        },
                        "tainted": true
                    },
                    "deposed": [],
                    "provider": "provider.aws"
                },
                "aws_key_pair.mysql-key": {
                    "type": "aws_key_pair",
                    "depends_on": [],
                    "primary": {
                        "id": "ec2",
                        "attributes": {
                            "fingerprint": "41:2d:c3:f4:f6:a5:7b:88:55:97:f3:c2:2d:e5:77:cc",
                            "id": "ec2",
                            "key_name": "ec2",
                            "public_key": "ssh-rsa AAAAB3NzaC1yc2EAAAADAQABAAABAQDpg4S8X3mfX8l+LNWvnHTuCF0pcyQKiaLCUIhf4t6aJ/1MMD7B66vqf1vLmkATkaHOoQ0uRegy4tEh1DZ7tFsc7yz/cidh/rHC2rjd3H6bg29EFwyKQrulqV7Nu0vSApQ5FfjBHq+FJI/CXmxM+wJuJZIZr8XGSazFBekCE4DKBNiAZIuQ/WbfNmC9sGlSKXyjNT7DiqHH4MbChl7tG3v5qtvfCBtoA9pvrKZHvXZ+wbUskbTb8LREhihbkOlWzOjiOhNpZLJFTLvHyVxEoa80oodZ7Aw4nERgA1KAY2tRBp+hY91fGzOkzDw47YUZk3opm2pgCjI8GtmIcCITNKQX"
                        },
                        "meta": {
                            "schema_version": "1"
                        },
                        "tainted": false
                    },
                    "deposed": [],
                    "provider": "provider.aws"
                }
            },
            "depends_on": []
        }
    ]
}
